// !$*UTF8*$!
{
	archiveVersion = 1;
	classes = {
	};
	objectVersion = 46;
	objects = {

/* Begin PBXBuildFile section */
		8928C48C869835FE7C75A76D /* Pods_trivago_case_study.framework in Frameworks */ = {isa = PBXBuildFile; fileRef = A32A104107019DBB98693F3D /* Pods_trivago_case_study.framework */; };
		E01FA5C81D4A52DA00408C01 /* AppDelegate.swift in Sources */ = {isa = PBXBuildFile; fileRef = E01FA5C71D4A52DA00408C01 /* AppDelegate.swift */; };
		E01FA5CA1D4A52DA00408C01 /* InitialVC.swift in Sources */ = {isa = PBXBuildFile; fileRef = E01FA5C91D4A52DA00408C01 /* InitialVC.swift */; };
		E01FA5CD1D4A52DA00408C01 /* Main.storyboard in Resources */ = {isa = PBXBuildFile; fileRef = E01FA5CB1D4A52DA00408C01 /* Main.storyboard */; };
		E01FA5CF1D4A52DA00408C01 /* Assets.xcassets in Resources */ = {isa = PBXBuildFile; fileRef = E01FA5CE1D4A52DA00408C01 /* Assets.xcassets */; };
		E01FA5D21D4A52DA00408C01 /* LaunchScreen.storyboard in Resources */ = {isa = PBXBuildFile; fileRef = E01FA5D01D4A52DA00408C01 /* LaunchScreen.storyboard */; };
		E01FA5DD1D4A845400408C01 /* BorderedShadowedView.swift in Sources */ = {isa = PBXBuildFile; fileRef = E01FA5DC1D4A845400408C01 /* BorderedShadowedView.swift */; };
		E01FA5DF1D4A884300408C01 /* PopularMovieCell.swift in Sources */ = {isa = PBXBuildFile; fileRef = E01FA5DE1D4A884300408C01 /* PopularMovieCell.swift */; };
		E01FA5E11D4A8E7A00408C01 /* InitialVC+TableView.swift in Sources */ = {isa = PBXBuildFile; fileRef = E01FA5E01D4A8E7A00408C01 /* InitialVC+TableView.swift */; };
		E01FA5E41D4A8F4600408C01 /* Constants.swift in Sources */ = {isa = PBXBuildFile; fileRef = E01FA5E31D4A8F4600408C01 /* Constants.swift */; };
		E01FA5E61D4B916600408C01 /* Movie.swift in Sources */ = {isa = PBXBuildFile; fileRef = E01FA5E51D4B916600408C01 /* Movie.swift */; };
		E0DC867F1D4DFC9B00C72E2E /* SearchVC.swift in Sources */ = {isa = PBXBuildFile; fileRef = E0DC867E1D4DFC9B00C72E2E /* SearchVC.swift */; };
		E0DC86811D4E067E00C72E2E /* SearchVC+TableView.swift in Sources */ = {isa = PBXBuildFile; fileRef = E0DC86801D4E067E00C72E2E /* SearchVC+TableView.swift */; };
		E0DC86831D4E06D400C72E2E /* SearchVC+SearchBar.swift in Sources */ = {isa = PBXBuildFile; fileRef = E0DC86821D4E06D400C72E2E /* SearchVC+SearchBar.swift */; };
		E0DC86851D4E0B5000C72E2E /* SearchMovieCell.swift in Sources */ = {isa = PBXBuildFile; fileRef = E0DC86841D4E0B4F00C72E2E /* SearchMovieCell.swift */; };
		E0DC86871D4E18B900C72E2E /* WebVC.swift in Sources */ = {isa = PBXBuildFile; fileRef = E0DC86861D4E18B800C72E2E /* WebVC.swift */; };
		E0DC86891D4E384B00C72E2E /* MyCustomCellDelegator.swift in Sources */ = {isa = PBXBuildFile; fileRef = E0DC86881D4E384B00C72E2E /* MyCustomCellDelegator.swift */; };
		E0DC868F1D4F5AC100C72E2E /* SpinIndicator.swift in Sources */ = {isa = PBXBuildFile; fileRef = E0DC868E1D4F5AC100C72E2E /* SpinIndicator.swift */; };
		E0DC86921D4F624100C72E2E /* CacheService.swift in Sources */ = {isa = PBXBuildFile; fileRef = E0DC86911D4F624100C72E2E /* CacheService.swift */; };
		E0DC86961D4F99C000C72E2E /* DetailsVC.swift in Sources */ = {isa = PBXBuildFile; fileRef = E0DC86951D4F99C000C72E2E /* DetailsVC.swift */; };
/* End PBXBuildFile section */

/* Begin PBXFileReference section */
		75172CC6ABC4BDB37F5E1E2A /* Pods-trivago-case-study.debug.xcconfig */ = {isa = PBXFileReference; includeInIndex = 1; lastKnownFileType = text.xcconfig; name = "Pods-trivago-case-study.debug.xcconfig"; path = "Pods/Target Support Files/Pods-trivago-case-study/Pods-trivago-case-study.debug.xcconfig"; sourceTree = "<group>"; };
		878F6020D96DF35043533E8E /* Pods-trivago-case-study.release.xcconfig */ = {isa = PBXFileReference; includeInIndex = 1; lastKnownFileType = text.xcconfig; name = "Pods-trivago-case-study.release.xcconfig"; path = "Pods/Target Support Files/Pods-trivago-case-study/Pods-trivago-case-study.release.xcconfig"; sourceTree = "<group>"; };
		A32A104107019DBB98693F3D /* Pods_trivago_case_study.framework */ = {isa = PBXFileReference; explicitFileType = wrapper.framework; includeInIndex = 0; path = Pods_trivago_case_study.framework; sourceTree = BUILT_PRODUCTS_DIR; };
		E01FA5C41D4A52DA00408C01 /* trivago-case-study.app */ = {isa = PBXFileReference; explicitFileType = wrapper.application; includeInIndex = 0; path = "trivago-case-study.app"; sourceTree = BUILT_PRODUCTS_DIR; };
		E01FA5C71D4A52DA00408C01 /* AppDelegate.swift */ = {isa = PBXFileReference; lastKnownFileType = sourcecode.swift; path = AppDelegate.swift; sourceTree = "<group>"; };
		E01FA5C91D4A52DA00408C01 /* InitialVC.swift */ = {isa = PBXFileReference; lastKnownFileType = sourcecode.swift; path = InitialVC.swift; sourceTree = "<group>"; };
		E01FA5CC1D4A52DA00408C01 /* Base */ = {isa = PBXFileReference; lastKnownFileType = file.storyboard; name = Base; path = Base.lproj/Main.storyboard; sourceTree = "<group>"; };
		E01FA5CE1D4A52DA00408C01 /* Assets.xcassets */ = {isa = PBXFileReference; lastKnownFileType = folder.assetcatalog; path = Assets.xcassets; sourceTree = "<group>"; };
		E01FA5D11D4A52DA00408C01 /* Base */ = {isa = PBXFileReference; lastKnownFileType = file.storyboard; name = Base; path = Base.lproj/LaunchScreen.storyboard; sourceTree = "<group>"; };
		E01FA5D31D4A52DA00408C01 /* Info.plist */ = {isa = PBXFileReference; lastKnownFileType = text.plist.xml; path = Info.plist; sourceTree = "<group>"; };
		E01FA5DC1D4A845400408C01 /* BorderedShadowedView.swift */ = {isa = PBXFileReference; fileEncoding = 4; lastKnownFileType = sourcecode.swift; path = BorderedShadowedView.swift; sourceTree = "<group>"; };
		E01FA5DE1D4A884300408C01 /* PopularMovieCell.swift */ = {isa = PBXFileReference; fileEncoding = 4; lastKnownFileType = sourcecode.swift; path = PopularMovieCell.swift; sourceTree = "<group>"; };
		E01FA5E01D4A8E7A00408C01 /* InitialVC+TableView.swift */ = {isa = PBXFileReference; fileEncoding = 4; lastKnownFileType = sourcecode.swift; path = "InitialVC+TableView.swift"; sourceTree = "<group>"; };
		E01FA5E31D4A8F4600408C01 /* Constants.swift */ = {isa = PBXFileReference; fileEncoding = 4; lastKnownFileType = sourcecode.swift; path = Constants.swift; sourceTree = "<group>"; };
		E01FA5E51D4B916600408C01 /* Movie.swift */ = {isa = PBXFileReference; fileEncoding = 4; lastKnownFileType = sourcecode.swift; path = Movie.swift; sourceTree = "<group>"; };
		E0DC867E1D4DFC9B00C72E2E /* SearchVC.swift */ = {isa = PBXFileReference; fileEncoding = 4; lastKnownFileType = sourcecode.swift; path = SearchVC.swift; sourceTree = "<group>"; };
		E0DC86801D4E067E00C72E2E /* SearchVC+TableView.swift */ = {isa = PBXFileReference; fileEncoding = 4; lastKnownFileType = sourcecode.swift; path = "SearchVC+TableView.swift"; sourceTree = "<group>"; };
		E0DC86821D4E06D400C72E2E /* SearchVC+SearchBar.swift */ = {isa = PBXFileReference; fileEncoding = 4; lastKnownFileType = sourcecode.swift; path = "SearchVC+SearchBar.swift"; sourceTree = "<group>"; };
		E0DC86841D4E0B4F00C72E2E /* SearchMovieCell.swift */ = {isa = PBXFileReference; fileEncoding = 4; lastKnownFileType = sourcecode.swift; path = SearchMovieCell.swift; sourceTree = "<group>"; };
		E0DC86861D4E18B800C72E2E /* WebVC.swift */ = {isa = PBXFileReference; fileEncoding = 4; lastKnownFileType = sourcecode.swift; path = WebVC.swift; sourceTree = "<group>"; };
		E0DC86881D4E384B00C72E2E /* MyCustomCellDelegator.swift */ = {isa = PBXFileReference; fileEncoding = 4; lastKnownFileType = sourcecode.swift; path = MyCustomCellDelegator.swift; sourceTree = "<group>"; };
		E0DC868E1D4F5AC100C72E2E /* SpinIndicator.swift */ = {isa = PBXFileReference; fileEncoding = 4; lastKnownFileType = sourcecode.swift; path = SpinIndicator.swift; sourceTree = "<group>"; };
		E0DC86911D4F624100C72E2E /* CacheService.swift */ = {isa = PBXFileReference; fileEncoding = 4; lastKnownFileType = sourcecode.swift; path = CacheService.swift; sourceTree = "<group>"; };
		E0DC86951D4F99C000C72E2E /* DetailsVC.swift */ = {isa = PBXFileReference; fileEncoding = 4; lastKnownFileType = sourcecode.swift; path = DetailsVC.swift; sourceTree = "<group>"; };
/* End PBXFileReference section */

/* Begin PBXFrameworksBuildPhase section */
		E01FA5C11D4A52DA00408C01 /* Frameworks */ = {
			isa = PBXFrameworksBuildPhase;
			buildActionMask = 2147483647;
			files = (
				8928C48C869835FE7C75A76D /* Pods_trivago_case_study.framework in Frameworks */,
			);
			runOnlyForDeploymentPostprocessing = 0;
		};
/* End PBXFrameworksBuildPhase section */

/* Begin PBXGroup section */
		112BE5A18BEB8808CDAF413E /* Frameworks */ = {
			isa = PBXGroup;
			children = (
				A32A104107019DBB98693F3D /* Pods_trivago_case_study.framework */,
			);
			name = Frameworks;
			sourceTree = "<group>";
		};
		84330974B4497D54FE0548A9 /* Pods */ = {
			isa = PBXGroup;
			children = (
				75172CC6ABC4BDB37F5E1E2A /* Pods-trivago-case-study.debug.xcconfig */,
				878F6020D96DF35043533E8E /* Pods-trivago-case-study.release.xcconfig */,
			);
			name = Pods;
			sourceTree = "<group>";
		};
		E01FA5BB1D4A52D900408C01 = {
			isa = PBXGroup;
			children = (
				E01FA5C61D4A52DA00408C01 /* trivago-case-study */,
				E01FA5C51D4A52DA00408C01 /* Products */,
				84330974B4497D54FE0548A9 /* Pods */,
				112BE5A18BEB8808CDAF413E /* Frameworks */,
			);
			sourceTree = "<group>";
		};
		E01FA5C51D4A52DA00408C01 /* Products */ = {
			isa = PBXGroup;
			children = (
				E01FA5C41D4A52DA00408C01 /* trivago-case-study.app */,
			);
			name = Products;
			sourceTree = "<group>";
		};
		E01FA5C61D4A52DA00408C01 /* trivago-case-study */ = {
			isa = PBXGroup;
			children = (
				E0DC86901D4F619E00C72E2E /* Services */,
				E01FA5D91D4A712100408C01 /* Model */,
				E01FA5DA1D4A712D00408C01 /* View */,
				E01FA5DB1D4A713100408C01 /* Controller */,
				E01FA5E21D4A8F2700408C01 /* Support Files */,
				E01FA5CE1D4A52DA00408C01 /* Assets.xcassets */,
			);
			path = "trivago-case-study";
			sourceTree = "<group>";
		};
		E01FA5D91D4A712100408C01 /* Model */ = {
			isa = PBXGroup;
			children = (
				E01FA5E51D4B916600408C01 /* Movie.swift */,
			);
			name = Model;
			sourceTree = "<group>";
		};
		E01FA5DA1D4A712D00408C01 /* View */ = {
			isa = PBXGroup;
			children = (
				E01FA5CB1D4A52DA00408C01 /* Main.storyboard */,
				E01FA5D01D4A52DA00408C01 /* LaunchScreen.storyboard */,
				E01FA5DC1D4A845400408C01 /* BorderedShadowedView.swift */,
				E01FA5DE1D4A884300408C01 /* PopularMovieCell.swift */,
				E0DC86841D4E0B4F00C72E2E /* SearchMovieCell.swift */,
			);
			name = View;
			sourceTree = "<group>";
		};
		E01FA5DB1D4A713100408C01 /* Controller */ = {
			isa = PBXGroup;
			children = (
				E01FA5C71D4A52DA00408C01 /* AppDelegate.swift */,
				E01FA5C91D4A52DA00408C01 /* InitialVC.swift */,
				E01FA5E01D4A8E7A00408C01 /* InitialVC+TableView.swift */,
				E0DC867E1D4DFC9B00C72E2E /* SearchVC.swift */,
				E0DC86801D4E067E00C72E2E /* SearchVC+TableView.swift */,
				E0DC86821D4E06D400C72E2E /* SearchVC+SearchBar.swift */,
				E0DC86861D4E18B800C72E2E /* WebVC.swift */,
				E0DC86951D4F99C000C72E2E /* DetailsVC.swift */,
			);
			name = Controller;
			sourceTree = "<group>";
		};
		E01FA5E21D4A8F2700408C01 /* Support Files */ = {
			isa = PBXGroup;
			children = (
				E01FA5D31D4A52DA00408C01 /* Info.plist */,
				E01FA5E31D4A8F4600408C01 /* Constants.swift */,
				E0DC86881D4E384B00C72E2E /* MyCustomCellDelegator.swift */,
				E0DC868E1D4F5AC100C72E2E /* SpinIndicator.swift */,
			);
			name = "Support Files";
			sourceTree = "<group>";
		};
		E0DC86901D4F619E00C72E2E /* Services */ = {
			isa = PBXGroup;
			children = (
				E0DC86911D4F624100C72E2E /* CacheService.swift */,
			);
			name = Services;
			sourceTree = "<group>";
		};
/* End PBXGroup section */

/* Begin PBXNativeTarget section */
		E01FA5C31D4A52DA00408C01 /* trivago-case-study */ = {
			isa = PBXNativeTarget;
			buildConfigurationList = E01FA5D61D4A52DA00408C01 /* Build configuration list for PBXNativeTarget "trivago-case-study" */;
			buildPhases = (
				B67AB906CC19C7C358B039D4 /* [CP] Check Pods Manifest.lock */,
				E01FA5C01D4A52DA00408C01 /* Sources */,
				E01FA5C11D4A52DA00408C01 /* Frameworks */,
				E01FA5C21D4A52DA00408C01 /* Resources */,
				FBFC2B5F7E92B5142670AABB /* [CP] Embed Pods Frameworks */,
				4C28337E1FE84C87387FA2FD /* [CP] Copy Pods Resources */,
			);
			buildRules = (
			);
			dependencies = (
			);
			name = "trivago-case-study";
			productName = "trivago-case-study";
			productReference = E01FA5C41D4A52DA00408C01 /* trivago-case-study.app */;
			productType = "com.apple.product-type.application";
		};
/* End PBXNativeTarget section */

/* Begin PBXProject section */
		E01FA5BC1D4A52D900408C01 /* Project object */ = {
			isa = PBXProject;
			attributes = {
				LastSwiftUpdateCheck = 0730;
				LastUpgradeCheck = 0730;
				ORGANIZATIONNAME = "Amadeu Andrade";
				TargetAttributes = {
					E01FA5C31D4A52DA00408C01 = {
						CreatedOnToolsVersion = 7.3.1;
					};
				};
			};
			buildConfigurationList = E01FA5BF1D4A52D900408C01 /* Build configuration list for PBXProject "trivago-case-study" */;
			compatibilityVersion = "Xcode 3.2";
			developmentRegion = English;
			hasScannedForEncodings = 0;
			knownRegions = (
				en,
				Base,
			);
			mainGroup = E01FA5BB1D4A52D900408C01;
			productRefGroup = E01FA5C51D4A52DA00408C01 /* Products */;
			projectDirPath = "";
			projectRoot = "";
			targets = (
				E01FA5C31D4A52DA00408C01 /* trivago-case-study */,
			);
		};
/* End PBXProject section */

/* Begin PBXResourcesBuildPhase section */
		E01FA5C21D4A52DA00408C01 /* Resources */ = {
			isa = PBXResourcesBuildPhase;
			buildActionMask = 2147483647;
			files = (
				E01FA5D21D4A52DA00408C01 /* LaunchScreen.storyboard in Resources */,
				E01FA5CF1D4A52DA00408C01 /* Assets.xcassets in Resources */,
				E01FA5CD1D4A52DA00408C01 /* Main.storyboard in Resources */,
			);
			runOnlyForDeploymentPostprocessing = 0;
		};
/* End PBXResourcesBuildPhase section */

/* Begin PBXShellScriptBuildPhase section */
		4C28337E1FE84C87387FA2FD /* [CP] Copy Pods Resources */ = {
			isa = PBXShellScriptBuildPhase;
			buildActionMask = 2147483647;
			files = (
			);
			inputPaths = (
			);
			name = "[CP] Copy Pods Resources";
			outputPaths = (
			);
			runOnlyForDeploymentPostprocessing = 0;
			shellPath = /bin/sh;
			shellScript = "\"${SRCROOT}/Pods/Target Support Files/Pods-trivago-case-study/Pods-trivago-case-study-resources.sh\"\n";
			showEnvVarsInLog = 0;
		};
		B67AB906CC19C7C358B039D4 /* [CP] Check Pods Manifest.lock */ = {
			isa = PBXShellScriptBuildPhase;
			buildActionMask = 2147483647;
			files = (
			);
			inputPaths = (
			);
			name = "[CP] Check Pods Manifest.lock";
			outputPaths = (
			);
			runOnlyForDeploymentPostprocessing = 0;
			shellPath = /bin/sh;
			shellScript = "diff \"${PODS_ROOT}/../Podfile.lock\" \"${PODS_ROOT}/Manifest.lock\" > /dev/null\nif [[ $? != 0 ]] ; then\n    cat << EOM\nerror: The sandbox is not in sync with the Podfile.lock. Run 'pod install' or update your CocoaPods installation.\nEOM\n    exit 1\nfi\n";
			showEnvVarsInLog = 0;
		};
		FBFC2B5F7E92B5142670AABB /* [CP] Embed Pods Frameworks */ = {
			isa = PBXShellScriptBuildPhase;
			buildActionMask = 2147483647;
			files = (
			);
			inputPaths = (
			);
			name = "[CP] Embed Pods Frameworks";
			outputPaths = (
			);
			runOnlyForDeploymentPostprocessing = 0;
			shellPath = /bin/sh;
			shellScript = "\"${SRCROOT}/Pods/Target Support Files/Pods-trivago-case-study/Pods-trivago-case-study-frameworks.sh\"\n";
			showEnvVarsInLog = 0;
		};
/* End PBXShellScriptBuildPhase section */

/* Begin PBXSourcesBuildPhase section */
		E01FA5C01D4A52DA00408C01 /* Sources */ = {
			isa = PBXSourcesBuildPhase;
			buildActionMask = 2147483647;
			files = (
				E0DC86851D4E0B5000C72E2E /* SearchMovieCell.swift in Sources */,
				E0DC867F1D4DFC9B00C72E2E /* SearchVC.swift in Sources */,
				E01FA5E61D4B916600408C01 /* Movie.swift in Sources */,
				E01FA5CA1D4A52DA00408C01 /* InitialVC.swift in Sources */,
				E01FA5C81D4A52DA00408C01 /* AppDelegate.swift in Sources */,
				E0DC86811D4E067E00C72E2E /* SearchVC+TableView.swift in Sources */,
				E0DC86891D4E384B00C72E2E /* MyCustomCellDelegator.swift in Sources */,
				E01FA5DF1D4A884300408C01 /* PopularMovieCell.swift in Sources */,
				E0DC86831D4E06D400C72E2E /* SearchVC+SearchBar.swift in Sources */,
				E0DC86961D4F99C000C72E2E /* DetailsVC.swift in Sources */,
				E0DC868F1D4F5AC100C72E2E /* SpinIndicator.swift in Sources */,
				E0DC86921D4F624100C72E2E /* CacheService.swift in Sources */,
				E01FA5DD1D4A845400408C01 /* BorderedShadowedView.swift in Sources */,
				E0DC86871D4E18B900C72E2E /* WebVC.swift in Sources */,
				E01FA5E11D4A8E7A00408C01 /* InitialVC+TableView.swift in Sources */,
				E01FA5E41D4A8F4600408C01 /* Constants.swift in Sources */,
			);
			runOnlyForDeploymentPostprocessing = 0;
		};
/* End PBXSourcesBuildPhase section */

/* Begin PBXVariantGroup section */
		E01FA5CB1D4A52DA00408C01 /* Main.storyboard */ = {
			isa = PBXVariantGroup;
			children = (
				E01FA5CC1D4A52DA00408C01 /* Base */,
			);
			name = Main.storyboard;
			sourceTree = "<group>";
		};
		E01FA5D01D4A52DA00408C01 /* LaunchScreen.storyboard */ = {
			isa = PBXVariantGroup;
			children = (
				E01FA5D11D4A52DA00408C01 /* Base */,
			);
			name = LaunchScreen.storyboard;
			sourceTree = "<group>";
		};
/* End PBXVariantGroup section */

/* Begin XCBuildConfiguration section */
		E01FA5D41D4A52DA00408C01 /* Debug */ = {
			isa = XCBuildConfiguration;
			buildSettings = {
				ALWAYS_SEARCH_USER_PATHS = NO;
				CLANG_ANALYZER_NONNULL = YES;
				CLANG_CXX_LANGUAGE_STANDARD = "gnu++0x";
				CLANG_CXX_LIBRARY = "libc++";
				CLANG_ENABLE_MODULES = YES;
				CLANG_ENABLE_OBJC_ARC = YES;
				CLANG_WARN_BOOL_CONVERSION = YES;
				CLANG_WARN_CONSTANT_CONVERSION = YES;
				CLANG_WARN_DIRECT_OBJC_ISA_USAGE = YES_ERROR;
				CLANG_WARN_EMPTY_BODY = YES;
				CLANG_WARN_ENUM_CONVERSION = YES;
				CLANG_WARN_INT_CONVERSION = YES;
				CLANG_WARN_OBJC_ROOT_CLASS = YES_ERROR;
				CLANG_WARN_UNREACHABLE_CODE = YES;
				CLANG_WARN__DUPLICATE_METHOD_MATCH = YES;
				"CODE_SIGN_IDENTITY[sdk=iphoneos*]" = "iPhone Developer";
				COPY_PHASE_STRIP = NO;
				DEBUG_INFORMATION_FORMAT = dwarf;
				ENABLE_STRICT_OBJC_MSGSEND = YES;
				ENABLE_TESTABILITY = YES;
				GCC_C_LANGUAGE_STANDARD = gnu99;
				GCC_DYNAMIC_NO_PIC = NO;
				GCC_NO_COMMON_BLOCKS = YES;
				GCC_OPTIMIZATION_LEVEL = 0;
				GCC_PREPROCESSOR_DEFINITIONS = (
					"DEBUG=1",
					"$(inherited)",
				);
				GCC_WARN_64_TO_32_BIT_CONVERSION = YES;
				GCC_WARN_ABOUT_RETURN_TYPE = YES_ERROR;
				GCC_WARN_UNDECLARED_SELECTOR = YES;
				GCC_WARN_UNINITIALIZED_AUTOS = YES_AGGRESSIVE;
				GCC_WARN_UNUSED_FUNCTION = YES;
				GCC_WARN_UNUSED_VARIABLE = YES;
				IPHONEOS_DEPLOYMENT_TARGET = 9.3;
				MTL_ENABLE_DEBUG_INFO = YES;
				ONLY_ACTIVE_ARCH = YES;
				SDKROOT = iphoneos;
				SWIFT_OPTIMIZATION_LEVEL = "-Onone";
			};
			name = Debug;
		};
		E01FA5D51D4A52DA00408C01 /* Release */ = {
			isa = XCBuildConfiguration;
			buildSettings = {
				ALWAYS_SEARCH_USER_PATHS = NO;
				CLANG_ANALYZER_NONNULL = YES;
				CLANG_CXX_LANGUAGE_STANDARD = "gnu++0x";
				CLANG_CXX_LIBRARY = "libc++";
				CLANG_ENABLE_MODULES = YES;
				CLANG_ENABLE_OBJC_ARC = YES;
				CLANG_WARN_BOOL_CONVERSION = YES;
				CLANG_WARN_CONSTANT_CONVERSION = YES;
				CLANG_WARN_DIRECT_OBJC_ISA_USAGE = YES_ERROR;
				CLANG_WARN_EMPTY_BODY = YES;
				CLANG_WARN_ENUM_CONVERSION = YES;
				CLANG_WARN_INT_CONVERSION = YES;
				CLANG_WARN_OBJC_ROOT_CLASS = YES_ERROR;
				CLANG_WARN_UNREACHABLE_CODE = YES;
				CLANG_WARN__DUPLICATE_METHOD_MATCH = YES;
				"CODE_SIGN_IDENTITY[sdk=iphoneos*]" = "iPhone Developer";
				COPY_PHASE_STRIP = NO;
				DEBUG_INFORMATION_FORMAT = "dwarf-with-dsym";
				ENABLE_NS_ASSERTIONS = NO;
				ENABLE_STRICT_OBJC_MSGSEND = YES;
				GCC_C_LANGUAGE_STANDARD = gnu99;
				GCC_NO_COMMON_BLOCKS = YES;
				GCC_WARN_64_TO_32_BIT_CONVERSION = YES;
				GCC_WARN_ABOUT_RETURN_TYPE = YES_ERROR;
				GCC_WARN_UNDECLARED_SELECTOR = YES;
				GCC_WARN_UNINITIALIZED_AUTOS = YES_AGGRESSIVE;
				GCC_WARN_UNUSED_FUNCTION = YES;
				GCC_WARN_UNUSED_VARIABLE = YES;
				IPHONEOS_DEPLOYMENT_TARGET = 9.3;
				MTL_ENABLE_DEBUG_INFO = NO;
				SDKROOT = iphoneos;
				VALIDATE_PRODUCT = YES;
			};
			name = Release;
		};
		E01FA5D71D4A52DA00408C01 /* Debug */ = {
			isa = XCBuildConfiguration;
			baseConfigurationReference = 75172CC6ABC4BDB37F5E1E2A /* Pods-trivago-case-study.debug.xcconfig */;
			buildSettings = {
				ASSETCATALOG_COMPILER_APPICON_NAME = AppIcon;
				INFOPLIST_FILE = "trivago-case-study/Info.plist";
				LD_RUNPATH_SEARCH_PATHS = "$(inherited) @executable_path/Frameworks";
				PRODUCT_BUNDLE_IDENTIFIER = "ajandrade.trivago-case-study";
				PRODUCT_NAME = "$(TARGET_NAME)";
			};
			name = Debug;
		};
		E01FA5D81D4A52DA00408C01 /* Release */ = {
			isa = XCBuildConfiguration;
			baseConfigurationReference = 878F6020D96DF35043533E8E /* Pods-trivago-case-study.release.xcconfig */;
			buildSettings = {
				ASSETCATALOG_COMPILER_APPICON_NAME = AppIcon;
				INFOPLIST_FILE = "trivago-case-study/Info.plist";
				LD_RUNPATH_SEARCH_PATHS = "$(inherited) @executable_path/Frameworks";
				PRODUCT_BUNDLE_IDENTIFIER = "ajandrade.trivago-case-study";
				PRODUCT_NAME = "$(TARGET_NAME)";
			};
			name = Release;
		};
/* End XCBuildConfiguration section */

/* Begin XCConfigurationList section */
		E01FA5BF1D4A52D900408C01 /* Build configuration list for PBXProject "trivago-case-study" */ = {
			isa = XCConfigurationList;
			buildConfigurations = (
				E01FA5D41D4A52DA00408C01 /* Debug */,
				E01FA5D51D4A52DA00408C01 /* Release */,
			);
			defaultConfigurationIsVisible = 0;
			defaultConfigurationName = Release;
		};
		E01FA5D61D4A52DA00408C01 /* Build configuration list for PBXNativeTarget "trivago-case-study" */ = {
			isa = XCConfigurationList;
			buildConfigurations = (
				E01FA5D71D4A52DA00408C01 /* Debug */,
				E01FA5D81D4A52DA00408C01 /* Release */,
			);
			defaultConfigurationIsVisible = 0;
			defaultConfigurationName = Release;
		};
/* End XCConfigurationList section */
	};
	rootObject = E01FA5BC1D4A52D900408C01 /* Project object */;
}
